
Microsoft Visual Studio Solution File, Format Version 12.00
# Visual Studio Version 16
VisualStudioVersion = 16.0.808.10
MinimumVisualStudioVersion = 10.0.40219.1
Project("{FAE04EC0-301F-11D3-BF4B-00C04F79EFBC}") = "WebAssignment", "WebAssignment\WebAssignment.csproj", "{011649A6-9F7F-4F22-9AE9-4A21A51D331A}"
EndProject
Global
	GlobalSection(SolutionConfigurationPlatforms) = preSolution
		Debug|Any CPU = Debug|Any CPU
		Release|Any CPU = Release|Any CPU
	EndGlobalSection
	GlobalSection(ProjectConfigurationPlatforms) = postSolution
		{011649A6-9F7F-4F22-9AE9-4A21A51D331A}.Debug|Any CPU.ActiveCfg = Debug|Any CPU
		{011649A6-9F7F-4F22-9AE9-4A21A51D331A}.Debug|Any CPU.Build.0 = Debug|Any CPU
		{011649A6-9F7F-4F22-9AE9-4A21A51D331A}.Release|Any CPU.ActiveCfg = Release|Any CPU
		{011649A6-9F7F-4F22-9AE9-4A21A51D331A}.Release|Any CPU.Build.0 = Release|Any CPU
	EndGlobalSection
	GlobalSection(SolutionProperties) = preSolution
		HideSolutionNode = FALSE
	EndGlobalSection
	GlobalSection(ExtensibilityGlobals) = postSolution
		SolutionGuid = {9C71DAB3-7798-4C14-A8D7-8B599941750E}
	EndGlobalSection
EndGlobal
